
Microsoft Visual Studio Solution File, Format Version 12.00
# Visual Studio Version 17
VisualStudioVersion = 17.0.31903.59
MinimumVisualStudioVersion = 10.0.40219.1
Project("{2150E333-8FDC-42A3-9474-1A3956D46DE8}") = "src", "src", "{20EACA7B-FD1E-4C6F-9317-EDA9AC41616C}"
EndProject
Project("{FAE04EC0-301F-11D3-BF4B-00C04F79EFBC}") = "CustomCode-Analyzer", "src\CustomCode-Analyzer\CustomCode-Analyzer.csproj", "{ECDF063D-7D3F-45CE-8D93-9E541DC8D8CB}"
EndProject
Project("{2150E333-8FDC-42A3-9474-1A3956D46DE8}") = "tests", "tests", "{2261A2C9-82C0-47AE-937E-72A53DC9CCE2}"
EndProject
Project("{FAE04EC0-301F-11D3-BF4B-00C04F79EFBC}") = "CustomCode-Analyzer.Tests", "tests\CustomCode-Analyzer.Tests\CustomCode-Analyzer.Tests.csproj", "{68B1EB6C-7E60-4A4B-BEF0-B04A6A47AEE3}"
EndProject
Global
	GlobalSection(SolutionConfigurationPlatforms) = preSolution
		Debug|Any CPU = Debug|Any CPU
		Release|Any CPU = Release|Any CPU
	EndGlobalSection
	GlobalSection(SolutionProperties) = preSolution
		HideSolutionNode = FALSE
	EndGlobalSection
	GlobalSection(ProjectConfigurationPlatforms) = postSolution
		{ECDF063D-7D3F-45CE-8D93-9E541DC8D8CB}.Debug|Any CPU.ActiveCfg = Debug|Any CPU
		{ECDF063D-7D3F-45CE-8D93-9E541DC8D8CB}.Debug|Any CPU.Build.0 = Debug|Any CPU
		{ECDF063D-7D3F-45CE-8D93-9E541DC8D8CB}.Release|Any CPU.ActiveCfg = Release|Any CPU
		{ECDF063D-7D3F-45CE-8D93-9E541DC8D8CB}.Release|Any CPU.Build.0 = Release|Any CPU
		{68B1EB6C-7E60-4A4B-BEF0-B04A6A47AEE3}.Debug|Any CPU.ActiveCfg = Debug|Any CPU
		{68B1EB6C-7E60-4A4B-BEF0-B04A6A47AEE3}.Debug|Any CPU.Build.0 = Debug|Any CPU
		{68B1EB6C-7E60-4A4B-BEF0-B04A6A47AEE3}.Release|Any CPU.ActiveCfg = Release|Any CPU
		{68B1EB6C-7E60-4A4B-BEF0-B04A6A47AEE3}.Release|Any CPU.Build.0 = Release|Any CPU
	EndGlobalSection
	GlobalSection(NestedProjects) = preSolution
		{ECDF063D-7D3F-45CE-8D93-9E541DC8D8CB} = {20EACA7B-FD1E-4C6F-9317-EDA9AC41616C}
		{68B1EB6C-7E60-4A4B-BEF0-B04A6A47AEE3} = {2261A2C9-82C0-47AE-937E-72A53DC9CCE2}
	EndGlobalSection
EndGlobal
